
Microsoft Visual Studio Solution File, Format Version 12.00
# Visual Studio Version 16
VisualStudioVersion = 16.0.29230.47
MinimumVisualStudioVersion = 10.0.40219.1
Project("{FAE04EC0-301F-11D3-BF4B-00C04F79EFBC}") = "MisinformationCheck", "MisinformationCheck.csproj", "{10488696-DD9D-40CF-ADEF-F176507B7779}"
EndProject
Global
	GlobalSection(SolutionConfigurationPlatforms) = preSolution
		Debug|Any CPU = Debug|Any CPU
		Release|Any CPU = Release|Any CPU
	EndGlobalSection
	GlobalSection(ProjectConfigurationPlatforms) = postSolution
		{10488696-DD9D-40CF-ADEF-F176507B7779}.Debug|Any CPU.ActiveCfg = Debug|Any CPU
		{10488696-DD9D-40CF-ADEF-F176507B7779}.Debug|Any CPU.Build.0 = Debug|Any CPU
		{10488696-DD9D-40CF-ADEF-F176507B7779}.Release|Any CPU.ActiveCfg = Release|Any CPU
		{10488696-DD9D-40CF-ADEF-F176507B7779}.Release|Any CPU.Build.0 = Release|Any CPU
	EndGlobalSection
	GlobalSection(SolutionProperties) = preSolution
		HideSolutionNode = FALSE
	EndGlobalSection
	GlobalSection(ExtensibilityGlobals) = postSolution
		SolutionGuid = {1F2D1F77-37EE-448D-9FFD-98A39A7ACF3E}
	EndGlobalSection
EndGlobal
